// !$*UTF8*$!
{
	archiveVersion = 1;
	classes = {
	};
	objectVersion = 46;
	objects = {

/* Begin PBXBuildFile section */
		EE21B406130FD5F100F5B766 /* Cocoa.framework in Frameworks */ = {isa = PBXBuildFile; fileRef = EE21B405130FD5F100F5B766 /* Cocoa.framework */; };
		EE21B410130FD5F100F5B766 /* InfoPlist.strings in Resources */ = {isa = PBXBuildFile; fileRef = EE21B40E130FD5F100F5B766 /* InfoPlist.strings */; };
		EE21B413130FD5F100F5B766 /* main.m in Sources */ = {isa = PBXBuildFile; fileRef = EE21B412130FD5F100F5B766 /* main.m */; };
		EE21B416130FD5F100F5B766 /* Credits.rtf in Resources */ = {isa = PBXBuildFile; fileRef = EE21B414130FD5F100F5B766 /* Credits.rtf */; };
		EE21B419130FD5F100F5B766 /* AppDelegate.m in Sources */ = {isa = PBXBuildFile; fileRef = EE21B418130FD5F100F5B766 /* AppDelegate.m */; };
		EE21B41C130FD5F100F5B766 /* MainMenu.xib in Resources */ = {isa = PBXBuildFile; fileRef = EE21B41A130FD5F100F5B766 /* MainMenu.xib */; };
		EE86722E130FD8460016C1BF /* JCSSheetController.m in Sources */ = {isa = PBXBuildFile; fileRef = EE86722D130FD8460016C1BF /* JCSSheetController.m */; };
/* End PBXBuildFile section */

/* Begin PBXFileReference section */
		EE21B401130FD5F100F5B766 /* JCSSheetController_Example.app */ = {isa = PBXFileReference; explicitFileType = wrapper.application; includeInIndex = 0; path = JCSSheetController_Example.app; sourceTree = BUILT_PRODUCTS_DIR; };
		EE21B405130FD5F100F5B766 /* Cocoa.framework */ = {isa = PBXFileReference; lastKnownFileType = wrapper.framework; name = Cocoa.framework; path = System/Library/Frameworks/Cocoa.framework; sourceTree = SDKROOT; };
		EE21B408130FD5F100F5B766 /* AppKit.framework */ = {isa = PBXFileReference; lastKnownFileType = wrapper.framework; name = AppKit.framework; path = System/Library/Frameworks/AppKit.framework; sourceTree = SDKROOT; };
		EE21B409130FD5F100F5B766 /* CoreData.framework */ = {isa = PBXFileReference; lastKnownFileType = wrapper.framework; name = CoreData.framework; path = System/Library/Frameworks/CoreData.framework; sourceTree = SDKROOT; };
		EE21B40A130FD5F100F5B766 /* Foundation.framework */ = {isa = PBXFileReference; lastKnownFileType = wrapper.framework; name = Foundation.framework; path = System/Library/Frameworks/Foundation.framework; sourceTree = SDKROOT; };
		EE21B40D130FD5F100F5B766 /* Info.plist */ = {isa = PBXFileReference; lastKnownFileType = text.plist.xml; path = Info.plist; sourceTree = "<group>"; };
		EE21B40F130FD5F100F5B766 /* en */ = {isa = PBXFileReference; lastKnownFileType = text.plist.strings; name = en; path = en.lproj/InfoPlist.strings; sourceTree = "<group>"; };
		EE21B411130FD5F100F5B766 /* Prefix.pch */ = {isa = PBXFileReference; lastKnownFileType = sourcecode.c.h; path = Prefix.pch; sourceTree = "<group>"; };
		EE21B412130FD5F100F5B766 /* main.m */ = {isa = PBXFileReference; lastKnownFileType = sourcecode.c.objc; path = main.m; sourceTree = "<group>"; };
		EE21B415130FD5F100F5B766 /* en */ = {isa = PBXFileReference; lastKnownFileType = text.rtf; name = en; path = en.lproj/Credits.rtf; sourceTree = "<group>"; };
		EE21B417130FD5F100F5B766 /* AppDelegate.h */ = {isa = PBXFileReference; lastKnownFileType = sourcecode.c.h; path = AppDelegate.h; sourceTree = "<group>"; };
		EE21B418130FD5F100F5B766 /* AppDelegate.m */ = {isa = PBXFileReference; lastKnownFileType = sourcecode.c.objc; path = AppDelegate.m; sourceTree = "<group>"; };
		EE21B41B130FD5F100F5B766 /* en */ = {isa = PBXFileReference; lastKnownFileType = file.xib; name = en; path = en.lproj/MainMenu.xib; sourceTree = "<group>"; };
		EE86722C130FD8460016C1BF /* JCSSheetController.h */ = {isa = PBXFileReference; fileEncoding = 4; lastKnownFileType = sourcecode.c.h; path = JCSSheetController.h; sourceTree = SOURCE_ROOT; };
		EE86722D130FD8460016C1BF /* JCSSheetController.m */ = {isa = PBXFileReference; fileEncoding = 4; lastKnownFileType = sourcecode.c.objc; path = JCSSheetController.m; sourceTree = SOURCE_ROOT; };
/* End PBXFileReference section */

/* Begin PBXFrameworksBuildPhase section */
		EE21B3FE130FD5F100F5B766 /* Frameworks */ = {
			isa = PBXFrameworksBuildPhase;
			buildActionMask = 2147483647;
			files = (
				EE21B406130FD5F100F5B766 /* Cocoa.framework in Frameworks */,
			);
			runOnlyForDeploymentPostprocessing = 0;
		};
/* End PBXFrameworksBuildPhase section */

/* Begin PBXGroup section */
		EE21B3F6130FD5F100F5B766 = {
			isa = PBXGroup;
			children = (
				EE21B40B130FD5F100F5B766 /* JCSSheetController_Example */,
				EE21B404130FD5F100F5B766 /* Frameworks */,
				EE21B402130FD5F100F5B766 /* Products */,
			);
			sourceTree = "<group>";
		};
		EE21B402130FD5F100F5B766 /* Products */ = {
			isa = PBXGroup;
			children = (
				EE21B401130FD5F100F5B766 /* JCSSheetController_Example.app */,
			);
			name = Products;
			sourceTree = "<group>";
		};
		EE21B404130FD5F100F5B766 /* Frameworks */ = {
			isa = PBXGroup;
			children = (
				EE21B405130FD5F100F5B766 /* Cocoa.framework */,
				EE21B407130FD5F100F5B766 /* Other Frameworks */,
			);
			name = Frameworks;
			sourceTree = "<group>";
		};
		EE21B407130FD5F100F5B766 /* Other Frameworks */ = {
			isa = PBXGroup;
			children = (
				EE21B408130FD5F100F5B766 /* AppKit.framework */,
				EE21B409130FD5F100F5B766 /* CoreData.framework */,
				EE21B40A130FD5F100F5B766 /* Foundation.framework */,
			);
			name = "Other Frameworks";
			sourceTree = "<group>";
		};
		EE21B40B130FD5F100F5B766 /* JCSSheetController_Example */ = {
			isa = PBXGroup;
			children = (
				EE86722B130FD8200016C1BF /* JCSSheetController */,
				EE21B417130FD5F100F5B766 /* AppDelegate.h */,
				EE21B418130FD5F100F5B766 /* AppDelegate.m */,
				EE86722A130FD8050016C1BF /* Resources */,
				EE21B40C130FD5F100F5B766 /* Supporting Files */,
			);
			path = JCSSheetController_Example;
			sourceTree = "<group>";
		};
		EE21B40C130FD5F100F5B766 /* Supporting Files */ = {
			isa = PBXGroup;
			children = (
				EE21B40D130FD5F100F5B766 /* Info.plist */,
				EE21B40E130FD5F100F5B766 /* InfoPlist.strings */,
				EE21B411130FD5F100F5B766 /* Prefix.pch */,
				EE21B412130FD5F100F5B766 /* main.m */,
				EE21B414130FD5F100F5B766 /* Credits.rtf */,
			);
			name = "Supporting Files";
			sourceTree = "<group>";
		};
		EE86722A130FD8050016C1BF /* Resources */ = {
			isa = PBXGroup;
			children = (
				EE21B41A130FD5F100F5B766 /* MainMenu.xib */,
			);
			name = Resources;
			sourceTree = "<group>";
		};
		EE86722B130FD8200016C1BF /* JCSSheetController */ = {
			isa = PBXGroup;
			children = (
				EE86722C130FD8460016C1BF /* JCSSheetController.h */,
				EE86722D130FD8460016C1BF /* JCSSheetController.m */,
			);
			name = JCSSheetController;
			sourceTree = "<group>";
		};
/* End PBXGroup section */

/* Begin PBXNativeTarget section */
		EE21B400130FD5F100F5B766 /* JCSSheetController_Example */ = {
			isa = PBXNativeTarget;
			buildConfigurationList = EE21B41F130FD5F100F5B766 /* Build configuration list for PBXNativeTarget "JCSSheetController_Example" */;
			buildPhases = (
				EE21B3FD130FD5F100F5B766 /* Sources */,
				EE21B3FE130FD5F100F5B766 /* Frameworks */,
				EE21B3FF130FD5F100F5B766 /* Resources */,
			);
			buildRules = (
			);
			dependencies = (
			);
			name = JCSSheetController_Example;
			productName = JCSSheetController_Example;
			productReference = EE21B401130FD5F100F5B766 /* JCSSheetController_Example.app */;
			productType = "com.apple.product-type.application";
		};
/* End PBXNativeTarget section */

/* Begin PBXProject section */
		EE21B3F8130FD5F100F5B766 /* Project object */ = {
			isa = PBXProject;
			attributes = {
				ORGANIZATIONNAME = "Jungle Candy Software";
			};
			buildConfigurationList = EE21B3FB130FD5F100F5B766 /* Build configuration list for PBXProject "JCSSheetController_Example" */;
			compatibilityVersion = "Xcode 3.2";
			developmentRegion = English;
			hasScannedForEncodings = 0;
			knownRegions = (
				en,
			);
			mainGroup = EE21B3F6130FD5F100F5B766;
			productRefGroup = EE21B402130FD5F100F5B766 /* Products */;
			projectDirPath = "";
			projectRoot = "";
			targets = (
				EE21B400130FD5F100F5B766 /* JCSSheetController_Example */,
			);
		};
/* End PBXProject section */

/* Begin PBXResourcesBuildPhase section */
		EE21B3FF130FD5F100F5B766 /* Resources */ = {
			isa = PBXResourcesBuildPhase;
			buildActionMask = 2147483647;
			files = (
				EE21B410130FD5F100F5B766 /* InfoPlist.strings in Resources */,
				EE21B416130FD5F100F5B766 /* Credits.rtf in Resources */,
				EE21B41C130FD5F100F5B766 /* MainMenu.xib in Resources */,
			);
			runOnlyForDeploymentPostprocessing = 0;
		};
/* End PBXResourcesBuildPhase section */

/* Begin PBXSourcesBuildPhase section */
		EE21B3FD130FD5F100F5B766 /* Sources */ = {
			isa = PBXSourcesBuildPhase;
			buildActionMask = 2147483647;
			files = (
				EE21B413130FD5F100F5B766 /* main.m in Sources */,
				EE21B419130FD5F100F5B766 /* AppDelegate.m in Sources */,
				EE86722E130FD8460016C1BF /* JCSSheetController.m in Sources */,
			);
			runOnlyForDeploymentPostprocessing = 0;
		};
/* End PBXSourcesBuildPhase section */

/* Begin PBXVariantGroup section */
		EE21B40E130FD5F100F5B766 /* InfoPlist.strings */ = {
			isa = PBXVariantGroup;
			children = (
				EE21B40F130FD5F100F5B766 /* en */,
			);
			name = InfoPlist.strings;
			sourceTree = "<group>";
		};
		EE21B414130FD5F100F5B766 /* Credits.rtf */ = {
			isa = PBXVariantGroup;
			children = (
				EE21B415130FD5F100F5B766 /* en */,
			);
			name = Credits.rtf;
			sourceTree = "<group>";
		};
		EE21B41A130FD5F100F5B766 /* MainMenu.xib */ = {
			isa = PBXVariantGroup;
			children = (
				EE21B41B130FD5F100F5B766 /* en */,
			);
			name = MainMenu.xib;
			sourceTree = "<group>";
		};
/* End PBXVariantGroup section */

/* Begin XCBuildConfiguration section */
		EE21B41D130FD5F100F5B766 /* Debug */ = {
			isa = XCBuildConfiguration;
			buildSettings = {
				ARCHS = "$(ARCHS_STANDARD_32_64_BIT)";
				GCC_C_LANGUAGE_STANDARD = gnu99;
				GCC_ENABLE_OBJC_GC = required;
				GCC_OPTIMIZATION_LEVEL = 0;
				GCC_PREPROCESSOR_DEFINITIONS = DEBUG;
				GCC_VERSION = com.apple.compilers.llvm.clang.1_0;
				GCC_WARN_64_TO_32_BIT_CONVERSION = YES;
				GCC_WARN_ABOUT_RETURN_TYPE = YES;
				GCC_WARN_UNUSED_VARIABLE = YES;
				MACOSX_DEPLOYMENT_TARGET = 10.6;
				ONLY_ACTIVE_ARCH = YES;
				RUN_CLANG_STATIC_ANALYZER = YES;
				SDKROOT = macosx;
			};
			name = Debug;
		};
		EE21B41E130FD5F100F5B766 /* Release */ = {
			isa = XCBuildConfiguration;
			buildSettings = {
				ARCHS = "$(ARCHS_STANDARD_32_64_BIT)";
				GCC_C_LANGUAGE_STANDARD = gnu99;
				GCC_ENABLE_OBJC_GC = required;
				GCC_VERSION = com.apple.compilers.llvm.clang.1_0;
				GCC_WARN_64_TO_32_BIT_CONVERSION = YES;
				GCC_WARN_ABOUT_RETURN_TYPE = YES;
				GCC_WARN_UNUSED_VARIABLE = YES;
				MACOSX_DEPLOYMENT_TARGET = 10.6;
				RUN_CLANG_STATIC_ANALYZER = YES;
				SDKROOT = macosx;
			};
			name = Release;
		};
		EE21B420130FD5F100F5B766 /* Debug */ = {
			isa = XCBuildConfiguration;
			buildSettings = {
				ALWAYS_SEARCH_USER_PATHS = NO;
				COPY_PHASE_STRIP = NO;
				GCC_DYNAMIC_NO_PIC = NO;
				GCC_ENABLE_OBJC_EXCEPTIONS = YES;
				GCC_PRECOMPILE_PREFIX_HEADER = YES;
				GCC_PREFIX_HEADER = JCSSheetController_Example/Prefix.pch;
				INFOPLIST_FILE = JCSSheetController_Example/Info.plist;
				PRODUCT_NAME = "$(TARGET_NAME)";
				WRAPPER_EXTENSION = app;
			};
			name = Debug;
		};
		EE21B421130FD5F100F5B766 /* Release */ = {
			isa = XCBuildConfiguration;
			buildSettings = {
				ALWAYS_SEARCH_USER_PATHS = NO;
				COPY_PHASE_STRIP = YES;
				DEBUG_INFORMATION_FORMAT = "dwarf-with-dsym";
				GCC_ENABLE_OBJC_EXCEPTIONS = YES;
				GCC_PRECOMPILE_PREFIX_HEADER = YES;
				GCC_PREFIX_HEADER = JCSSheetController_Example/Prefix.pch;
				INFOPLIST_FILE = JCSSheetController_Example/Info.plist;
				PRODUCT_NAME = "$(TARGET_NAME)";
				WRAPPER_EXTENSION = app;
			};
			name = Release;
		};
/* End XCBuildConfiguration section */

/* Begin XCConfigurationList section */
		EE21B3FB130FD5F100F5B766 /* Build configuration list for PBXProject "JCSSheetController_Example" */ = {
			isa = XCConfigurationList;
			buildConfigurations = (
				EE21B41D130FD5F100F5B766 /* Debug */,
				EE21B41E130FD5F100F5B766 /* Release */,
			);
			defaultConfigurationIsVisible = 0;
			defaultConfigurationName = Release;
		};
		EE21B41F130FD5F100F5B766 /* Build configuration list for PBXNativeTarget "JCSSheetController_Example" */ = {
			isa = XCConfigurationList;
			buildConfigurations = (
				EE21B420130FD5F100F5B766 /* Debug */,
				EE21B421130FD5F100F5B766 /* Release */,
			);
			defaultConfigurationIsVisible = 0;
			defaultConfigurationName = Release;
		};
/* End XCConfigurationList section */
	};
	rootObject = EE21B3F8130FD5F100F5B766 /* Project object */;
}
